
Microsoft Visual Studio Solution File, Format Version 11.00
# Visual Studio 2010
Project("{FAE04EC0-301F-11D3-BF4B-00C04F79EFBC}") = "timOppstart", "timOppstart\timOppstart.csproj", "{3E9FF8DE-EC89-4684-81B8-CE070477FF5D}"
EndProject
Global
	GlobalSection(SolutionConfigurationPlatforms) = preSolution
		Debug|x86 = Debug|x86
		Release|x86 = Release|x86
	EndGlobalSection
	GlobalSection(ProjectConfigurationPlatforms) = postSolution
		{3E9FF8DE-EC89-4684-81B8-CE070477FF5D}.Debug|x86.ActiveCfg = Debug|x86
		{3E9FF8DE-EC89-4684-81B8-CE070477FF5D}.Debug|x86.Build.0 = Debug|x86
		{3E9FF8DE-EC89-4684-81B8-CE070477FF5D}.Release|x86.ActiveCfg = Release|x86
		{3E9FF8DE-EC89-4684-81B8-CE070477FF5D}.Release|x86.Build.0 = Release|x86
	EndGlobalSection
	GlobalSection(SolutionProperties) = preSolution
		HideSolutionNode = FALSE
	EndGlobalSection
EndGlobal
